// !$*UTF8*$!
{
	archiveVersion = 1;
	classes = {
	};
	objectVersion = 50;
	objects = {

/* Begin PBXBuildFile section */
		C90C714526FB0A8700BC21CC /* main.m in Sources */ = {isa = PBXBuildFile; fileRef = C90C714426FB0A8700BC21CC /* main.m */; };
		C90C714D26FB0A9F00BC21CC /* fishhook.c in Sources */ = {isa = PBXBuildFile; fileRef = C90C714C26FB0A9F00BC21CC /* fishhook.c */; };
		C9EDA190271FFF6000C3F87A /* libBBB.dylib in Frameworks */ = {isa = PBXBuildFile; fileRef = C9EDA18F271FFF6000C3F87A /* libBBB.dylib */; };
		C9EDA1912720002900C3F87A /* libBBB.dylib in CopyFiles */ = {isa = PBXBuildFile; fileRef = C9EDA18F271FFF6000C3F87A /* libBBB.dylib */; settings = {ATTRIBUTES = (CodeSignOnCopy, ); }; };
/* End PBXBuildFile section */

/* Begin PBXCopyFilesBuildPhase section */
		C90C713F26FB0A8700BC21CC /* CopyFiles */ = {
			isa = PBXCopyFilesBuildPhase;
			buildActionMask = 12;
			dstPath = "";
			dstSubfolderSpec = 10;
			files = (
				C9EDA1912720002900C3F87A /* libBBB.dylib in CopyFiles */,
			);
			runOnlyForDeploymentPostprocessing = 0;
		};
/* End PBXCopyFilesBuildPhase section */

/* Begin PBXFileReference section */
		C90C714126FB0A8700BC21CC /* FishhookDemo */ = {isa = PBXFileReference; explicitFileType = "compiled.mach-o.executable"; includeInIndex = 0; path = FishhookDemo; sourceTree = BUILT_PRODUCTS_DIR; };
		C90C714426FB0A8700BC21CC /* main.m */ = {isa = PBXFileReference; lastKnownFileType = sourcecode.c.objc; path = main.m; sourceTree = "<group>"; };
		C90C714B26FB0A9F00BC21CC /* fishhook.h */ = {isa = PBXFileReference; fileEncoding = 4; lastKnownFileType = sourcecode.c.h; path = fishhook.h; sourceTree = "<group>"; };
		C90C714C26FB0A9F00BC21CC /* fishhook.c */ = {isa = PBXFileReference; fileEncoding = 4; indentWidth = 4; lastKnownFileType = sourcecode.c.c; path = fishhook.c; sourceTree = "<group>"; tabWidth = 4; };
		C90C714F26FB0AF000BC21CC /* Foundation.framework */ = {isa = PBXFileReference; lastKnownFileType = wrapper.framework; name = Foundation.framework; path = System/Library/Frameworks/Foundation.framework; sourceTree = SDKROOT; };
		C90C71CF26FB0C9A00BC21CC /* b.m */ = {isa = PBXFileReference; lastKnownFileType = sourcecode.c.objc; path = b.m; sourceTree = "<group>"; };
		C9EDA18F271FFF6000C3F87A /* libBBB.dylib */ = {isa = PBXFileReference; lastKnownFileType = "compiled.mach-o.dylib"; name = libBBB.dylib; path = libB/libBBB.dylib; sourceTree = "<group>"; };
/* End PBXFileReference section */

/* Begin PBXFrameworksBuildPhase section */
		C90C713E26FB0A8700BC21CC /* Frameworks */ = {
			isa = PBXFrameworksBuildPhase;
			buildActionMask = 2147483647;
			files = (
				C9EDA190271FFF6000C3F87A /* libBBB.dylib in Frameworks */,
			);
			runOnlyForDeploymentPostprocessing = 0;
		};
/* End PBXFrameworksBuildPhase section */

/* Begin PBXGroup section */
		C90C713826FB0A8700BC21CC = {
			isa = PBXGroup;
			children = (
				C90C71D126FB10AC00BC21CC /* libB */,
				C90C714326FB0A8700BC21CC /* FishhookDemo */,
				C90C714226FB0A8700BC21CC /* Products */,
				C90C714E26FB0AF000BC21CC /* Frameworks */,
			);
			sourceTree = "<group>";
		};
		C90C714226FB0A8700BC21CC /* Products */ = {
			isa = PBXGroup;
			children = (
				C90C714126FB0A8700BC21CC /* FishhookDemo */,
			);
			name = Products;
			sourceTree = "<group>";
		};
		C90C714326FB0A8700BC21CC /* FishhookDemo */ = {
			isa = PBXGroup;
			children = (
				C90C714426FB0A8700BC21CC /* main.m */,
				C90C714B26FB0A9F00BC21CC /* fishhook.h */,
				C90C714C26FB0A9F00BC21CC /* fishhook.c */,
			);
			path = FishhookDemo;
			sourceTree = "<group>";
		};
		C90C714E26FB0AF000BC21CC /* Frameworks */ = {
			isa = PBXGroup;
			children = (
				C9EDA18F271FFF6000C3F87A /* libBBB.dylib */,
				C90C714F26FB0AF000BC21CC /* Foundation.framework */,
			);
			name = Frameworks;
			sourceTree = "<group>";
		};
		C90C71D126FB10AC00BC21CC /* libB */ = {
			isa = PBXGroup;
			children = (
				C90C71CF26FB0C9A00BC21CC /* b.m */,
			);
			path = libB;
			sourceTree = "<group>";
		};
/* End PBXGroup section */

/* Begin PBXNativeTarget section */
		C90C714026FB0A8700BC21CC /* FishhookDemo */ = {
			isa = PBXNativeTarget;
			buildConfigurationList = C90C714826FB0A8700BC21CC /* Build configuration list for PBXNativeTarget "FishhookDemo" */;
			buildPhases = (
				C90C713D26FB0A8700BC21CC /* Sources */,
				C90C713E26FB0A8700BC21CC /* Frameworks */,
				C90C713F26FB0A8700BC21CC /* CopyFiles */,
			);
			buildRules = (
			);
			dependencies = (
			);
			name = FishhookDemo;
			productName = FishhookDemo;
			productReference = C90C714126FB0A8700BC21CC /* FishhookDemo */;
			productType = "com.apple.product-type.tool";
		};
/* End PBXNativeTarget section */

/* Begin PBXProject section */
		C90C713926FB0A8700BC21CC /* Project object */ = {
			isa = PBXProject;
			attributes = {
				LastUpgradeCheck = 1250;
				TargetAttributes = {
					C90C714026FB0A8700BC21CC = {
						CreatedOnToolsVersion = 12.5.1;
					};
				};
			};
			buildConfigurationList = C90C713C26FB0A8700BC21CC /* Build configuration list for PBXProject "FishhookDemo" */;
			compatibilityVersion = "Xcode 9.3";
			developmentRegion = en;
			hasScannedForEncodings = 0;
			knownRegions = (
				en,
				Base,
			);
			mainGroup = C90C713826FB0A8700BC21CC;
			productRefGroup = C90C714226FB0A8700BC21CC /* Products */;
			projectDirPath = "";
			projectRoot = "";
			targets = (
				C90C714026FB0A8700BC21CC /* FishhookDemo */,
			);
		};
/* End PBXProject section */

/* Begin PBXSourcesBuildPhase section */
		C90C713D26FB0A8700BC21CC /* Sources */ = {
			isa = PBXSourcesBuildPhase;
			buildActionMask = 2147483647;
			files = (
				C90C714D26FB0A9F00BC21CC /* fishhook.c in Sources */,
				C90C714526FB0A8700BC21CC /* main.m in Sources */,
			);
			runOnlyForDeploymentPostprocessing = 0;
		};
/* End PBXSourcesBuildPhase section */

/* Begin XCBuildConfiguration section */
		C90C714626FB0A8700BC21CC /* Debug */ = {
			isa = XCBuildConfiguration;
			buildSettings = {
				ALWAYS_SEARCH_USER_PATHS = NO;
				CLANG_ANALYZER_NONNULL = YES;
				CLANG_ANALYZER_NUMBER_OBJECT_CONVERSION = YES_AGGRESSIVE;
				CLANG_CXX_LANGUAGE_STANDARD = "gnu++14";
				CLANG_CXX_LIBRARY = "libc++";
				CLANG_ENABLE_MODULES = YES;
				CLANG_ENABLE_OBJC_ARC = YES;
				CLANG_ENABLE_OBJC_WEAK = YES;
				CLANG_WARN_BLOCK_CAPTURE_AUTORELEASING = YES;
				CLANG_WARN_BOOL_CONVERSION = YES;
				CLANG_WARN_COMMA = YES;
				CLANG_WARN_CONSTANT_CONVERSION = YES;
				CLANG_WARN_DEPRECATED_OBJC_IMPLEMENTATIONS = YES;
				CLANG_WARN_DIRECT_OBJC_ISA_USAGE = YES_ERROR;
				CLANG_WARN_DOCUMENTATION_COMMENTS = YES;
				CLANG_WARN_EMPTY_BODY = YES;
				CLANG_WARN_ENUM_CONVERSION = YES;
				CLANG_WARN_INFINITE_RECURSION = YES;
				CLANG_WARN_INT_CONVERSION = YES;
				CLANG_WARN_NON_LITERAL_NULL_CONVERSION = YES;
				CLANG_WARN_OBJC_IMPLICIT_RETAIN_SELF = YES;
				CLANG_WARN_OBJC_LITERAL_CONVERSION = YES;
				CLANG_WARN_OBJC_ROOT_CLASS = YES_ERROR;
				CLANG_WARN_QUOTED_INCLUDE_IN_FRAMEWORK_HEADER = YES;
				CLANG_WARN_RANGE_LOOP_ANALYSIS = YES;
				CLANG_WARN_STRICT_PROTOTYPES = YES;
				CLANG_WARN_SUSPICIOUS_MOVE = YES;
				CLANG_WARN_UNGUARDED_AVAILABILITY = YES_AGGRESSIVE;
				CLANG_WARN_UNREACHABLE_CODE = YES;
				CLANG_WARN__DUPLICATE_METHOD_MATCH = YES;
				COPY_PHASE_STRIP = NO;
				DEBUG_INFORMATION_FORMAT = dwarf;
				ENABLE_STRICT_OBJC_MSGSEND = YES;
				ENABLE_TESTABILITY = YES;
				GCC_C_LANGUAGE_STANDARD = gnu11;
				GCC_DYNAMIC_NO_PIC = NO;
				GCC_NO_COMMON_BLOCKS = YES;
				GCC_OPTIMIZATION_LEVEL = 0;
				GCC_PREPROCESSOR_DEFINITIONS = (
					"DEBUG=1",
					"$(inherited)",
				);
				GCC_WARN_64_TO_32_BIT_CONVERSION = YES;
				GCC_WARN_ABOUT_RETURN_TYPE = YES_ERROR;
				GCC_WARN_UNDECLARED_SELECTOR = YES;
				GCC_WARN_UNINITIALIZED_AUTOS = YES_AGGRESSIVE;
				GCC_WARN_UNUSED_FUNCTION = YES;
				GCC_WARN_UNUSED_VARIABLE = YES;
				MACOSX_DEPLOYMENT_TARGET = 11.3;
				MTL_ENABLE_DEBUG_INFO = INCLUDE_SOURCE;
				MTL_FAST_MATH = YES;
				ONLY_ACTIVE_ARCH = YES;
				SDKROOT = macosx;
			};
			name = Debug;
		};
		C90C714726FB0A8700BC21CC /* Release */ = {
			isa = XCBuildConfiguration;
			buildSettings = {
				ALWAYS_SEARCH_USER_PATHS = NO;
				CLANG_ANALYZER_NONNULL = YES;
				CLANG_ANALYZER_NUMBER_OBJECT_CONVERSION = YES_AGGRESSIVE;
				CLANG_CXX_LANGUAGE_STANDARD = "gnu++14";
				CLANG_CXX_LIBRARY = "libc++";
				CLANG_ENABLE_MODULES = YES;
				CLANG_ENABLE_OBJC_ARC = YES;
				CLANG_ENABLE_OBJC_WEAK = YES;
				CLANG_WARN_BLOCK_CAPTURE_AUTORELEASING = YES;
				CLANG_WARN_BOOL_CONVERSION = YES;
				CLANG_WARN_COMMA = YES;
				CLANG_WARN_CONSTANT_CONVERSION = YES;
				CLANG_WARN_DEPRECATED_OBJC_IMPLEMENTATIONS = YES;
				CLANG_WARN_DIRECT_OBJC_ISA_USAGE = YES_ERROR;
				CLANG_WARN_DOCUMENTATION_COMMENTS = YES;
				CLANG_WARN_EMPTY_BODY = YES;
				CLANG_WARN_ENUM_CONVERSION = YES;
				CLANG_WARN_INFINITE_RECURSION = YES;
				CLANG_WARN_INT_CONVERSION = YES;
				CLANG_WARN_NON_LITERAL_NULL_CONVERSION = YES;
				CLANG_WARN_OBJC_IMPLICIT_RETAIN_SELF = YES;
				CLANG_WARN_OBJC_LITERAL_CONVERSION = YES;
				CLANG_WARN_OBJC_ROOT_CLASS = YES_ERROR;
				CLANG_WARN_QUOTED_INCLUDE_IN_FRAMEWORK_HEADER = YES;
				CLANG_WARN_RANGE_LOOP_ANALYSIS = YES;
				CLANG_WARN_STRICT_PROTOTYPES = YES;
				CLANG_WARN_SUSPICIOUS_MOVE = YES;
				CLANG_WARN_UNGUARDED_AVAILABILITY = YES_AGGRESSIVE;
				CLANG_WARN_UNREACHABLE_CODE = YES;
				CLANG_WARN__DUPLICATE_METHOD_MATCH = YES;
				COPY_PHASE_STRIP = NO;
				DEBUG_INFORMATION_FORMAT = "dwarf-with-dsym";
				ENABLE_NS_ASSERTIONS = NO;
				ENABLE_STRICT_OBJC_MSGSEND = YES;
				GCC_C_LANGUAGE_STANDARD = gnu11;
				GCC_NO_COMMON_BLOCKS = YES;
				GCC_WARN_64_TO_32_BIT_CONVERSION = YES;
				GCC_WARN_ABOUT_RETURN_TYPE = YES_ERROR;
				GCC_WARN_UNDECLARED_SELECTOR = YES;
				GCC_WARN_UNINITIALIZED_AUTOS = YES_AGGRESSIVE;
				GCC_WARN_UNUSED_FUNCTION = YES;
				GCC_WARN_UNUSED_VARIABLE = YES;
				MACOSX_DEPLOYMENT_TARGET = 11.3;
				MTL_ENABLE_DEBUG_INFO = NO;
				MTL_FAST_MATH = YES;
				SDKROOT = macosx;
			};
			name = Release;
		};
		C90C714926FB0A8700BC21CC /* Debug */ = {
			isa = XCBuildConfiguration;
			buildSettings = {
				CODE_SIGN_STYLE = Automatic;
				LIBRARY_SEARCH_PATHS = (
					"$(inherited)",
					"$(PROJECT_DIR)/FishhookDemo",
					"$(PROJECT_DIR)/libB",
				);
				PRODUCT_NAME = "$(TARGET_NAME)";
			};
			name = Debug;
		};
		C90C714A26FB0A8700BC21CC /* Release */ = {
			isa = XCBuildConfiguration;
			buildSettings = {
				CODE_SIGN_STYLE = Automatic;
				LIBRARY_SEARCH_PATHS = (
					"$(inherited)",
					"$(PROJECT_DIR)/FishhookDemo",
					"$(PROJECT_DIR)/libB",
				);
				PRODUCT_NAME = "$(TARGET_NAME)";
			};
			name = Release;
		};
/* End XCBuildConfiguration section */

/* Begin XCConfigurationList section */
		C90C713C26FB0A8700BC21CC /* Build configuration list for PBXProject "FishhookDemo" */ = {
			isa = XCConfigurationList;
			buildConfigurations = (
				C90C714626FB0A8700BC21CC /* Debug */,
				C90C714726FB0A8700BC21CC /* Release */,
			);
			defaultConfigurationIsVisible = 0;
			defaultConfigurationName = Release;
		};
		C90C714826FB0A8700BC21CC /* Build configuration list for PBXNativeTarget "FishhookDemo" */ = {
			isa = XCConfigurationList;
			buildConfigurations = (
				C90C714926FB0A8700BC21CC /* Debug */,
				C90C714A26FB0A8700BC21CC /* Release */,
			);
			defaultConfigurationIsVisible = 0;
			defaultConfigurationName = Release;
		};
/* End XCConfigurationList section */
	};
	rootObject = C90C713926FB0A8700BC21CC /* Project object */;
}
